// !$*UTF8*$!
{
	archiveVersion = 1;
	classes = {
	};
	objectVersion = 46;
	objects = {

/* Begin PBXBuildFile section */
		020185D61E6D703F00083959 /* TweetComposeViewController.swift in Sources */ = {isa = PBXBuildFile; fileRef = 020185D51E6D703F00083959 /* TweetComposeViewController.swift */; };
		021DCF691E526FCC001C328C /* AppDelegate.swift in Sources */ = {isa = PBXBuildFile; fileRef = 021DCF681E526FCC001C328C /* AppDelegate.swift */; };
		021DCF6E1E526FCC001C328C /* Main.storyboard in Resources */ = {isa = PBXBuildFile; fileRef = 021DCF6C1E526FCC001C328C /* Main.storyboard */; };
		021DCF711E526FCC001C328C /* iTweet.xcdatamodeld in Sources */ = {isa = PBXBuildFile; fileRef = 021DCF6F1E526FCC001C328C /* iTweet.xcdatamodeld */; };
		021DCF731E526FCC001C328C /* Assets.xcassets in Resources */ = {isa = PBXBuildFile; fileRef = 021DCF721E526FCC001C328C /* Assets.xcassets */; };
		021DCF761E526FCC001C328C /* LaunchScreen.storyboard in Resources */ = {isa = PBXBuildFile; fileRef = 021DCF741E526FCC001C328C /* LaunchScreen.storyboard */; };
		021DCF801E528906001C328C /* LoginViewController.swift in Sources */ = {isa = PBXBuildFile; fileRef = 021DCF7F1E528906001C328C /* LoginViewController.swift */; };
		021DCF831E528969001C328C /* User.swift in Sources */ = {isa = PBXBuildFile; fileRef = 021DCF821E528969001C328C /* User.swift */; };
		021DCF851E528975001C328C /* Tweet.swift in Sources */ = {isa = PBXBuildFile; fileRef = 021DCF841E528975001C328C /* Tweet.swift */; };
		021DCF871E529846001C328C /* TwitterClient.swift in Sources */ = {isa = PBXBuildFile; fileRef = 021DCF861E529846001C328C /* TwitterClient.swift */; };
		021DCF891E52AFEA001C328C /* iTweetNavController.swift in Sources */ = {isa = PBXBuildFile; fileRef = 021DCF881E52AFEA001C328C /* iTweetNavController.swift */; };
		021DCF8B1E52B00D001C328C /* HomeTimelineViewController.swift in Sources */ = {isa = PBXBuildFile; fileRef = 021DCF8A1E52B00D001C328C /* HomeTimelineViewController.swift */; };
		0269EEB21E6D113F00E51AF3 /* Draw2D.swift in Sources */ = {isa = PBXBuildFile; fileRef = 0269EEB11E6D113F00E51AF3 /* Draw2D.swift */; };
		028FE3A51E629AB6009BD729 /* webPreviewView.xib in Resources */ = {isa = PBXBuildFile; fileRef = 028FE3A41E629AB6009BD729 /* webPreviewView.xib */; };
		0294F2971E6625CA009CB098 /* ProfileViewController.swift in Sources */ = {isa = PBXBuildFile; fileRef = 0294F2961E6625CA009CB098 /* ProfileViewController.swift */; };
		02AA45831E662E5000DA24BB /* TweetDetailViewController.swift in Sources */ = {isa = PBXBuildFile; fileRef = 02AA45821E662E5000DA24BB /* TweetDetailViewController.swift */; };
		02AA45851E663DFA00DA24BB /* webPreviewView.swift in Sources */ = {isa = PBXBuildFile; fileRef = 02AA45841E663DFA00DA24BB /* webPreviewView.swift */; };
		02AA45871E676B2100DA24BB /* ModalWebViewController.swift in Sources */ = {isa = PBXBuildFile; fileRef = 02AA45861E676B2100DA24BB /* ModalWebViewController.swift */; };
		02B2D3781E5F9E8100B97A2F /* TableCollectionViewProtocols.swift in Sources */ = {isa = PBXBuildFile; fileRef = 02B2D3771E5F9E8100B97A2F /* TableCollectionViewProtocols.swift */; };
		02B2D37B1E5F9EDB00B97A2F /* TableCollectionViewExtensions.swift in Sources */ = {isa = PBXBuildFile; fileRef = 02B2D37A1E5F9EDB00B97A2F /* TableCollectionViewExtensions.swift */; };
		02B2D37D1E5F9F2000B97A2F /* ListFlowLayout.swift in Sources */ = {isa = PBXBuildFile; fileRef = 02B2D37C1E5F9F2000B97A2F /* ListFlowLayout.swift */; };
		02B2D3801E5FA0FA00B97A2F /* TableViewMethods.swift in Sources */ = {isa = PBXBuildFile; fileRef = 02B2D37F1E5FA0FA00B97A2F /* TableViewMethods.swift */; };
		02B2D3851E5FB28500B97A2F /* TweetCellViews.swift in Sources */ = {isa = PBXBuildFile; fileRef = 02B2D3841E5FB28500B97A2F /* TweetCellViews.swift */; };
		02D948A41E650B0400BEFA5E /* TweetTableViewCell.swift in Sources */ = {isa = PBXBuildFile; fileRef = 02D948A21E650B0400BEFA5E /* TweetTableViewCell.swift */; };
		02D948A51E650B0400BEFA5E /* TweetTableViewCell.xib in Resources */ = {isa = PBXBuildFile; fileRef = 02D948A31E650B0400BEFA5E /* TweetTableViewCell.xib */; };
		02D948A71E6616F300BEFA5E /* CardView.swift in Sources */ = {isa = PBXBuildFile; fileRef = 02D948A61E6616F300BEFA5E /* CardView.swift */; };
		02DF91B51E63B87F003B56BD /* Source in Resources */ = {isa = PBXBuildFile; fileRef = 02DF91B41E63B87F003B56BD /* Source */; };
		18877A903A5FE06AA9A837D8 /* Pods_iTweet.framework in Frameworks */ = {isa = PBXBuildFile; fileRef = 8B58A794C26D471C7435FD18 /* Pods_iTweet.framework */; };
/* End PBXBuildFile section */

/* Begin PBXFileReference section */
		020185D51E6D703F00083959 /* TweetComposeViewController.swift */ = {isa = PBXFileReference; fileEncoding = 4; lastKnownFileType = sourcecode.swift; path = TweetComposeViewController.swift; sourceTree = "<group>"; };
		021DCF651E526FCC001C328C /* iTweet.app */ = {isa = PBXFileReference; explicitFileType = wrapper.application; includeInIndex = 0; path = iTweet.app; sourceTree = BUILT_PRODUCTS_DIR; };
		021DCF681E526FCC001C328C /* AppDelegate.swift */ = {isa = PBXFileReference; lastKnownFileType = sourcecode.swift; path = AppDelegate.swift; sourceTree = "<group>"; };
		021DCF6D1E526FCC001C328C /* Base */ = {isa = PBXFileReference; lastKnownFileType = file.storyboard; name = Base; path = Base.lproj/Main.storyboard; sourceTree = "<group>"; };
		021DCF701E526FCC001C328C /* iTweet.xcdatamodel */ = {isa = PBXFileReference; lastKnownFileType = wrapper.xcdatamodel; path = iTweet.xcdatamodel; sourceTree = "<group>"; };
		021DCF721E526FCC001C328C /* Assets.xcassets */ = {isa = PBXFileReference; lastKnownFileType = folder.assetcatalog; path = Assets.xcassets; sourceTree = "<group>"; };
		021DCF751E526FCC001C328C /* Base */ = {isa = PBXFileReference; lastKnownFileType = file.storyboard; name = Base; path = Base.lproj/LaunchScreen.storyboard; sourceTree = "<group>"; };
		021DCF771E526FCC001C328C /* Info.plist */ = {isa = PBXFileReference; lastKnownFileType = text.plist.xml; path = Info.plist; sourceTree = "<group>"; };
		021DCF7F1E528906001C328C /* LoginViewController.swift */ = {isa = PBXFileReference; fileEncoding = 4; lastKnownFileType = sourcecode.swift; path = LoginViewController.swift; sourceTree = "<group>"; };
		021DCF821E528969001C328C /* User.swift */ = {isa = PBXFileReference; fileEncoding = 4; lastKnownFileType = sourcecode.swift; path = User.swift; sourceTree = "<group>"; };
		021DCF841E528975001C328C /* Tweet.swift */ = {isa = PBXFileReference; fileEncoding = 4; lastKnownFileType = sourcecode.swift; path = Tweet.swift; sourceTree = "<group>"; };
		021DCF861E529846001C328C /* TwitterClient.swift */ = {isa = PBXFileReference; fileEncoding = 4; lastKnownFileType = sourcecode.swift; path = TwitterClient.swift; sourceTree = "<group>"; };
		021DCF881E52AFEA001C328C /* iTweetNavController.swift */ = {isa = PBXFileReference; fileEncoding = 4; lastKnownFileType = sourcecode.swift; path = iTweetNavController.swift; sourceTree = "<group>"; };
		021DCF8A1E52B00D001C328C /* HomeTimelineViewController.swift */ = {isa = PBXFileReference; fileEncoding = 4; lastKnownFileType = sourcecode.swift; path = HomeTimelineViewController.swift; sourceTree = "<group>"; };
		0269EEB11E6D113F00E51AF3 /* Draw2D.swift */ = {isa = PBXFileReference; fileEncoding = 4; lastKnownFileType = sourcecode.swift; path = Draw2D.swift; sourceTree = "<group>"; };
		028FE3A41E629AB6009BD729 /* webPreviewView.xib */ = {isa = PBXFileReference; fileEncoding = 4; lastKnownFileType = file.xib; path = webPreviewView.xib; sourceTree = "<group>"; };
		0294F2961E6625CA009CB098 /* ProfileViewController.swift */ = {isa = PBXFileReference; fileEncoding = 4; lastKnownFileType = sourcecode.swift; path = ProfileViewController.swift; sourceTree = "<group>"; };
		02AA45821E662E5000DA24BB /* TweetDetailViewController.swift */ = {isa = PBXFileReference; fileEncoding = 4; lastKnownFileType = sourcecode.swift; path = TweetDetailViewController.swift; sourceTree = "<group>"; };
		02AA45841E663DFA00DA24BB /* webPreviewView.swift */ = {isa = PBXFileReference; fileEncoding = 4; lastKnownFileType = sourcecode.swift; path = webPreviewView.swift; sourceTree = "<group>"; };
		02AA45861E676B2100DA24BB /* ModalWebViewController.swift */ = {isa = PBXFileReference; fileEncoding = 4; lastKnownFileType = sourcecode.swift; path = ModalWebViewController.swift; sourceTree = "<group>"; };
		02B2D3771E5F9E8100B97A2F /* TableCollectionViewProtocols.swift */ = {isa = PBXFileReference; fileEncoding = 4; lastKnownFileType = sourcecode.swift; path = TableCollectionViewProtocols.swift; sourceTree = "<group>"; };
		02B2D37A1E5F9EDB00B97A2F /* TableCollectionViewExtensions.swift */ = {isa = PBXFileReference; fileEncoding = 4; lastKnownFileType = sourcecode.swift; path = TableCollectionViewExtensions.swift; sourceTree = "<group>"; };
		02B2D37C1E5F9F2000B97A2F /* ListFlowLayout.swift */ = {isa = PBXFileReference; fileEncoding = 4; lastKnownFileType = sourcecode.swift; path = ListFlowLayout.swift; sourceTree = "<group>"; };
		02B2D37F1E5FA0FA00B97A2F /* TableViewMethods.swift */ = {isa = PBXFileReference; fileEncoding = 4; lastKnownFileType = sourcecode.swift; path = TableViewMethods.swift; sourceTree = "<group>"; };
		02B2D3841E5FB28500B97A2F /* TweetCellViews.swift */ = {isa = PBXFileReference; fileEncoding = 4; lastKnownFileType = sourcecode.swift; path = TweetCellViews.swift; sourceTree = "<group>"; };
		02D948A21E650B0400BEFA5E /* TweetTableViewCell.swift */ = {isa = PBXFileReference; fileEncoding = 4; lastKnownFileType = sourcecode.swift; path = TweetTableViewCell.swift; sourceTree = "<group>"; };
		02D948A31E650B0400BEFA5E /* TweetTableViewCell.xib */ = {isa = PBXFileReference; fileEncoding = 4; lastKnownFileType = file.xib; path = TweetTableViewCell.xib; sourceTree = "<group>"; };
		02D948A61E6616F300BEFA5E /* CardView.swift */ = {isa = PBXFileReference; fileEncoding = 4; lastKnownFileType = sourcecode.swift; path = CardView.swift; sourceTree = "<group>"; };
		02DF91B41E63B87F003B56BD /* Source */ = {isa = PBXFileReference; lastKnownFileType = folder; name = Source; path = iTweet/Source; sourceTree = "<group>"; };
		70C4504D8930370CBB4AE768 /* Pods-iTweet.release.xcconfig */ = {isa = PBXFileReference; includeInIndex = 1; lastKnownFileType = text.xcconfig; name = "Pods-iTweet.release.xcconfig"; path = "Pods/Target Support Files/Pods-iTweet/Pods-iTweet.release.xcconfig"; sourceTree = "<group>"; };
		8B58A794C26D471C7435FD18 /* Pods_iTweet.framework */ = {isa = PBXFileReference; explicitFileType = wrapper.framework; includeInIndex = 0; path = Pods_iTweet.framework; sourceTree = BUILT_PRODUCTS_DIR; };
		97950BCAEACC89CB4978BEE7 /* Pods-iTweet.debug.xcconfig */ = {isa = PBXFileReference; includeInIndex = 1; lastKnownFileType = text.xcconfig; name = "Pods-iTweet.debug.xcconfig"; path = "Pods/Target Support Files/Pods-iTweet/Pods-iTweet.debug.xcconfig"; sourceTree = "<group>"; };
/* End PBXFileReference section */

/* Begin PBXFrameworksBuildPhase section */
		021DCF621E526FCC001C328C /* Frameworks */ = {
			isa = PBXFrameworksBuildPhase;
			buildActionMask = 2147483647;
			files = (
				18877A903A5FE06AA9A837D8 /* Pods_iTweet.framework in Frameworks */,
			);
			runOnlyForDeploymentPostprocessing = 0;
		};
/* End PBXFrameworksBuildPhase section */

/* Begin PBXGroup section */
		021DCF5C1E526FCC001C328C = {
			isa = PBXGroup;
			children = (
				02DF91B41E63B87F003B56BD /* Source */,
				021DCF671E526FCC001C328C /* iTweet */,
				021DCF661E526FCC001C328C /* Products */,
				3D0837EECD76DBCF36281E11 /* Pods */,
				901B64E6EE016FAEB902C024 /* Frameworks */,
			);
			sourceTree = "<group>";
		};
		021DCF661E526FCC001C328C /* Products */ = {
			isa = PBXGroup;
			children = (
				021DCF651E526FCC001C328C /* iTweet.app */,
			);
			name = Products;
			sourceTree = "<group>";
		};
		021DCF671E526FCC001C328C /* iTweet */ = {
			isa = PBXGroup;
			children = (
				02B2D3831E5FB25000B97A2F /* Custom Views */,
				021DCF681E526FCC001C328C /* AppDelegate.swift */,
				021DCF6C1E526FCC001C328C /* Main.storyboard */,
				021DCF721E526FCC001C328C /* Assets.xcassets */,
				021DCF741E526FCC001C328C /* LaunchScreen.storyboard */,
				021DCF771E526FCC001C328C /* Info.plist */,
				021DCF6F1E526FCC001C328C /* iTweet.xcdatamodeld */,
				02B2D3821E5FA40600B97A2F /* Networking */,
				021DCF811E52895C001C328C /* Models */,
				02B2D3811E5FA3EB00B97A2F /* Controllers */,
				02B2D37E1E5F9F2E00B97A2F /* CollectionViewFlowLayout */,
				02B2D3791E5F9E8A00B97A2F /* TableCollectionViewProtocolsExtensions */,
				02D948A11E65036F00BEFA5E /* TableViewCell */,
			);
			path = iTweet;
			sourceTree = "<group>";
		};
		021DCF811E52895C001C328C /* Models */ = {
			isa = PBXGroup;
			children = (
				021DCF821E528969001C328C /* User.swift */,
				021DCF841E528975001C328C /* Tweet.swift */,
			);
			name = Models;
			sourceTree = "<group>";
		};
		02B2D3791E5F9E8A00B97A2F /* TableCollectionViewProtocolsExtensions */ = {
			isa = PBXGroup;
			children = (
				02B2D3771E5F9E8100B97A2F /* TableCollectionViewProtocols.swift */,
				02B2D37A1E5F9EDB00B97A2F /* TableCollectionViewExtensions.swift */,
				02B2D37F1E5FA0FA00B97A2F /* TableViewMethods.swift */,
			);
			name = TableCollectionViewProtocolsExtensions;
			sourceTree = "<group>";
		};
		02B2D37E1E5F9F2E00B97A2F /* CollectionViewFlowLayout */ = {
			isa = PBXGroup;
			children = (
				02B2D37C1E5F9F2000B97A2F /* ListFlowLayout.swift */,
			);
			name = CollectionViewFlowLayout;
			sourceTree = "<group>";
		};
		02B2D3811E5FA3EB00B97A2F /* Controllers */ = {
			isa = PBXGroup;
			children = (
				021DCF881E52AFEA001C328C /* iTweetNavController.swift */,
				021DCF7F1E528906001C328C /* LoginViewController.swift */,
				021DCF8A1E52B00D001C328C /* HomeTimelineViewController.swift */,
				0294F2961E6625CA009CB098 /* ProfileViewController.swift */,
				02AA45821E662E5000DA24BB /* TweetDetailViewController.swift */,
				02AA45861E676B2100DA24BB /* ModalWebViewController.swift */,
				020185D51E6D703F00083959 /* TweetComposeViewController.swift */,
			);
			name = Controllers;
			sourceTree = "<group>";
		};
		02B2D3821E5FA40600B97A2F /* Networking */ = {
			isa = PBXGroup;
			children = (
				021DCF861E529846001C328C /* TwitterClient.swift */,
			);
			name = Networking;
			sourceTree = "<group>";
		};
		02B2D3831E5FB25000B97A2F /* Custom Views */ = {
			isa = PBXGroup;
			children = (
				0269EEB11E6D113F00E51AF3 /* Draw2D.swift */,
				02B2D3841E5FB28500B97A2F /* TweetCellViews.swift */,
				02D948A61E6616F300BEFA5E /* CardView.swift */,
				028FE3A41E629AB6009BD729 /* webPreviewView.xib */,
				02AA45841E663DFA00DA24BB /* webPreviewView.swift */,
			);
			name = "Custom Views";
			sourceTree = "<group>";
		};
		02D948A11E65036F00BEFA5E /* TableViewCell */ = {
			isa = PBXGroup;
			children = (
				02D948A21E650B0400BEFA5E /* TweetTableViewCell.swift */,
				02D948A31E650B0400BEFA5E /* TweetTableViewCell.xib */,
			);
			name = TableViewCell;
			sourceTree = "<group>";
		};
		3D0837EECD76DBCF36281E11 /* Pods */ = {
			isa = PBXGroup;
			children = (
				97950BCAEACC89CB4978BEE7 /* Pods-iTweet.debug.xcconfig */,
				70C4504D8930370CBB4AE768 /* Pods-iTweet.release.xcconfig */,
			);
			name = Pods;
			sourceTree = "<group>";
		};
		901B64E6EE016FAEB902C024 /* Frameworks */ = {
			isa = PBXGroup;
			children = (
				8B58A794C26D471C7435FD18 /* Pods_iTweet.framework */,
			);
			name = Frameworks;
			sourceTree = "<group>";
		};
/* End PBXGroup section */

/* Begin PBXNativeTarget section */
		021DCF641E526FCC001C328C /* iTweet */ = {
			isa = PBXNativeTarget;
			buildConfigurationList = 021DCF7A1E526FCC001C328C /* Build configuration list for PBXNativeTarget "iTweet" */;
			buildPhases = (
				BC67156C9A45D9D57D278E1B /* [CP] Check Pods Manifest.lock */,
				021DCF611E526FCC001C328C /* Sources */,
				021DCF621E526FCC001C328C /* Frameworks */,
				021DCF631E526FCC001C328C /* Resources */,
				08674AB51F04BB7E163BA2FD /* [CP] Embed Pods Frameworks */,
				188FAC62C2C4CC5B6C033504 /* [CP] Copy Pods Resources */,
			);
			buildRules = (
			);
			dependencies = (
			);
			name = iTweet;
			productName = iTweet;
			productReference = 021DCF651E526FCC001C328C /* iTweet.app */;
			productType = "com.apple.product-type.application";
		};
/* End PBXNativeTarget section */

/* Begin PBXProject section */
		021DCF5D1E526FCC001C328C /* Project object */ = {
			isa = PBXProject;
			attributes = {
				LastSwiftUpdateCheck = 0820;
				LastUpgradeCheck = 0820;
				ORGANIZATIONNAME = "Brandon Sanchez";
				TargetAttributes = {
					021DCF641E526FCC001C328C = {
						CreatedOnToolsVersion = 8.2.1;
						DevelopmentTeam = ELJV42N84Z;
						ProvisioningStyle = Automatic;
					};
				};
			};
			buildConfigurationList = 021DCF601E526FCC001C328C /* Build configuration list for PBXProject "iTweet" */;
			compatibilityVersion = "Xcode 3.2";
			developmentRegion = English;
			hasScannedForEncodings = 0;
			knownRegions = (
				en,
				Base,
			);
			mainGroup = 021DCF5C1E526FCC001C328C;
			productRefGroup = 021DCF661E526FCC001C328C /* Products */;
			projectDirPath = "";
			projectRoot = "";
			targets = (
				021DCF641E526FCC001C328C /* iTweet */,
			);
		};
/* End PBXProject section */

/* Begin PBXResourcesBuildPhase section */
		021DCF631E526FCC001C328C /* Resources */ = {
			isa = PBXResourcesBuildPhase;
			buildActionMask = 2147483647;
			files = (
				021DCF761E526FCC001C328C /* LaunchScreen.storyboard in Resources */,
				028FE3A51E629AB6009BD729 /* webPreviewView.xib in Resources */,
				02D948A51E650B0400BEFA5E /* TweetTableViewCell.xib in Resources */,
				021DCF731E526FCC001C328C /* Assets.xcassets in Resources */,
				02DF91B51E63B87F003B56BD /* Source in Resources */,
				021DCF6E1E526FCC001C328C /* Main.storyboard in Resources */,
			);
			runOnlyForDeploymentPostprocessing = 0;
		};
/* End PBXResourcesBuildPhase section */

/* Begin PBXShellScriptBuildPhase section */
		08674AB51F04BB7E163BA2FD /* [CP] Embed Pods Frameworks */ = {
			isa = PBXShellScriptBuildPhase;
			buildActionMask = 2147483647;
			files = (
			);
			inputPaths = (
			);
			name = "[CP] Embed Pods Frameworks";
			outputPaths = (
			);
			runOnlyForDeploymentPostprocessing = 0;
			shellPath = /bin/sh;
			shellScript = "\"${SRCROOT}/Pods/Target Support Files/Pods-iTweet/Pods-iTweet-frameworks.sh\"\n";
			showEnvVarsInLog = 0;
		};
		188FAC62C2C4CC5B6C033504 /* [CP] Copy Pods Resources */ = {
			isa = PBXShellScriptBuildPhase;
			buildActionMask = 2147483647;
			files = (
			);
			inputPaths = (
			);
			name = "[CP] Copy Pods Resources";
			outputPaths = (
			);
			runOnlyForDeploymentPostprocessing = 0;
			shellPath = /bin/sh;
			shellScript = "\"${SRCROOT}/Pods/Target Support Files/Pods-iTweet/Pods-iTweet-resources.sh\"\n";
			showEnvVarsInLog = 0;
		};
		BC67156C9A45D9D57D278E1B /* [CP] Check Pods Manifest.lock */ = {
			isa = PBXShellScriptBuildPhase;
			buildActionMask = 2147483647;
			files = (
			);
			inputPaths = (
			);
			name = "[CP] Check Pods Manifest.lock";
			outputPaths = (
			);
			runOnlyForDeploymentPostprocessing = 0;
			shellPath = /bin/sh;
			shellScript = "diff \"${PODS_ROOT}/../Podfile.lock\" \"${PODS_ROOT}/Manifest.lock\" > /dev/null\nif [ $? != 0 ] ; then\n    # print error to STDERR\n    echo \"error: The sandbox is not in sync with the Podfile.lock. Run 'pod install' or update your CocoaPods installation.\" >&2\n    exit 1\nfi\n";
			showEnvVarsInLog = 0;
		};
/* End PBXShellScriptBuildPhase section */

/* Begin PBXSourcesBuildPhase section */
		021DCF611E526FCC001C328C /* Sources */ = {
			isa = PBXSourcesBuildPhase;
			buildActionMask = 2147483647;
			files = (
				021DCF831E528969001C328C /* User.swift in Sources */,
				02B2D37D1E5F9F2000B97A2F /* ListFlowLayout.swift in Sources */,
				02B2D3851E5FB28500B97A2F /* TweetCellViews.swift in Sources */,
				0269EEB21E6D113F00E51AF3 /* Draw2D.swift in Sources */,
				02B2D37B1E5F9EDB00B97A2F /* TableCollectionViewExtensions.swift in Sources */,
				020185D61E6D703F00083959 /* TweetComposeViewController.swift in Sources */,
				021DCF851E528975001C328C /* Tweet.swift in Sources */,
				021DCF801E528906001C328C /* LoginViewController.swift in Sources */,
				0294F2971E6625CA009CB098 /* ProfileViewController.swift in Sources */,
				021DCF711E526FCC001C328C /* iTweet.xcdatamodeld in Sources */,
				02AA45871E676B2100DA24BB /* ModalWebViewController.swift in Sources */,
				02D948A41E650B0400BEFA5E /* TweetTableViewCell.swift in Sources */,
				021DCF8B1E52B00D001C328C /* HomeTimelineViewController.swift in Sources */,
				02AA45831E662E5000DA24BB /* TweetDetailViewController.swift in Sources */,
				02B2D3801E5FA0FA00B97A2F /* TableViewMethods.swift in Sources */,
				02AA45851E663DFA00DA24BB /* webPreviewView.swift in Sources */,
				02B2D3781E5F9E8100B97A2F /* TableCollectionViewProtocols.swift in Sources */,
				021DCF871E529846001C328C /* TwitterClient.swift in Sources */,
				021DCF891E52AFEA001C328C /* iTweetNavController.swift in Sources */,
				02D948A71E6616F300BEFA5E /* CardView.swift in Sources */,
				021DCF691E526FCC001C328C /* AppDelegate.swift in Sources */,
			);
			runOnlyForDeploymentPostprocessing = 0;
		};
/* End PBXSourcesBuildPhase section */

/* Begin PBXVariantGroup section */
		021DCF6C1E526FCC001C328C /* Main.storyboard */ = {
			isa = PBXVariantGroup;
			children = (
				021DCF6D1E526FCC001C328C /* Base */,
			);
			name = Main.storyboard;
			sourceTree = "<group>";
		};
		021DCF741E526FCC001C328C /* LaunchScreen.storyboard */ = {
			isa = PBXVariantGroup;
			children = (
				021DCF751E526FCC001C328C /* Base */,
			);
			name = LaunchScreen.storyboard;
			sourceTree = "<group>";
		};
/* End PBXVariantGroup section */

/* Begin XCBuildConfiguration section */
		021DCF781E526FCC001C328C /* Debug */ = {
			isa = XCBuildConfiguration;
			buildSettings = {
				ALWAYS_SEARCH_USER_PATHS = NO;
				CLANG_ANALYZER_NONNULL = YES;
				CLANG_CXX_LANGUAGE_STANDARD = "gnu++0x";
				CLANG_CXX_LIBRARY = "libc++";
				CLANG_ENABLE_MODULES = YES;
				CLANG_ENABLE_OBJC_ARC = YES;
				CLANG_WARN_BOOL_CONVERSION = YES;
				CLANG_WARN_CONSTANT_CONVERSION = YES;
				CLANG_WARN_DIRECT_OBJC_ISA_USAGE = YES_ERROR;
				CLANG_WARN_DOCUMENTATION_COMMENTS = YES;
				CLANG_WARN_EMPTY_BODY = YES;
				CLANG_WARN_ENUM_CONVERSION = YES;
				CLANG_WARN_INFINITE_RECURSION = YES;
				CLANG_WARN_INT_CONVERSION = YES;
				CLANG_WARN_OBJC_ROOT_CLASS = YES_ERROR;
				CLANG_WARN_SUSPICIOUS_MOVE = YES;
				CLANG_WARN_UNREACHABLE_CODE = YES;
				CLANG_WARN__DUPLICATE_METHOD_MATCH = YES;
				"CODE_SIGN_IDENTITY[sdk=iphoneos*]" = "iPhone Developer";
				COPY_PHASE_STRIP = NO;
				DEBUG_INFORMATION_FORMAT = dwarf;
				ENABLE_STRICT_OBJC_MSGSEND = YES;
				ENABLE_TESTABILITY = YES;
				GCC_C_LANGUAGE_STANDARD = gnu99;
				GCC_DYNAMIC_NO_PIC = NO;
				GCC_NO_COMMON_BLOCKS = YES;
				GCC_OPTIMIZATION_LEVEL = 0;
				GCC_PREPROCESSOR_DEFINITIONS = (
					"DEBUG=1",
					"$(inherited)",
				);
				GCC_WARN_64_TO_32_BIT_CONVERSION = YES;
				GCC_WARN_ABOUT_RETURN_TYPE = YES_ERROR;
				GCC_WARN_UNDECLARED_SELECTOR = YES;
				GCC_WARN_UNINITIALIZED_AUTOS = YES_AGGRESSIVE;
				GCC_WARN_UNUSED_FUNCTION = YES;
				GCC_WARN_UNUSED_VARIABLE = YES;
				IPHONEOS_DEPLOYMENT_TARGET = 10.0;
				MTL_ENABLE_DEBUG_INFO = YES;
				ONLY_ACTIVE_ARCH = YES;
				SDKROOT = iphoneos;
				SWIFT_ACTIVE_COMPILATION_CONDITIONS = DEBUG;
				SWIFT_OPTIMIZATION_LEVEL = "-Onone";
			};
			name = Debug;
		};
		021DCF791E526FCC001C328C /* Release */ = {
			isa = XCBuildConfiguration;
			buildSettings = {
				ALWAYS_SEARCH_USER_PATHS = NO;
				CLANG_ANALYZER_NONNULL = YES;
				CLANG_CXX_LANGUAGE_STANDARD = "gnu++0x";
				CLANG_CXX_LIBRARY = "libc++";
				CLANG_ENABLE_MODULES = YES;
				CLANG_ENABLE_OBJC_ARC = YES;
				CLANG_WARN_BOOL_CONVERSION = YES;
				CLANG_WARN_CONSTANT_CONVERSION = YES;
				CLANG_WARN_DIRECT_OBJC_ISA_USAGE = YES_ERROR;
				CLANG_WARN_DOCUMENTATION_COMMENTS = YES;
				CLANG_WARN_EMPTY_BODY = YES;
				CLANG_WARN_ENUM_CONVERSION = YES;
				CLANG_WARN_INFINITE_RECURSION = YES;
				CLANG_WARN_INT_CONVERSION = YES;
				CLANG_WARN_OBJC_ROOT_CLASS = YES_ERROR;
				CLANG_WARN_SUSPICIOUS_MOVE = YES;
				CLANG_WARN_UNREACHABLE_CODE = YES;
				CLANG_WARN__DUPLICATE_METHOD_MATCH = YES;
				"CODE_SIGN_IDENTITY[sdk=iphoneos*]" = "iPhone Developer";
				COPY_PHASE_STRIP = NO;
				DEBUG_INFORMATION_FORMAT = "dwarf-with-dsym";
				ENABLE_NS_ASSERTIONS = NO;
				ENABLE_STRICT_OBJC_MSGSEND = YES;
				GCC_C_LANGUAGE_STANDARD = gnu99;
				GCC_NO_COMMON_BLOCKS = YES;
				GCC_WARN_64_TO_32_BIT_CONVERSION = YES;
				GCC_WARN_ABOUT_RETURN_TYPE = YES_ERROR;
				GCC_WARN_UNDECLARED_SELECTOR = YES;
				GCC_WARN_UNINITIALIZED_AUTOS = YES_AGGRESSIVE;
				GCC_WARN_UNUSED_FUNCTION = YES;
				GCC_WARN_UNUSED_VARIABLE = YES;
				IPHONEOS_DEPLOYMENT_TARGET = 10.0;
				MTL_ENABLE_DEBUG_INFO = NO;
				SDKROOT = iphoneos;
				SWIFT_OPTIMIZATION_LEVEL = "-Owholemodule";
				VALIDATE_PRODUCT = YES;
			};
			name = Release;
		};
		021DCF7B1E526FCC001C328C /* Debug */ = {
			isa = XCBuildConfiguration;
			baseConfigurationReference = 97950BCAEACC89CB4978BEE7 /* Pods-iTweet.debug.xcconfig */;
			buildSettings = {
				ASSETCATALOG_COMPILER_APPICON_NAME = AppIcon;
				DEVELOPMENT_TEAM = ELJV42N84Z;
				INFOPLIST_FILE = iTweet/Info.plist;
				LD_RUNPATH_SEARCH_PATHS = "$(inherited) @executable_path/Frameworks";
				PRODUCT_BUNDLE_IDENTIFIER = Brandon.iTweet;
				PRODUCT_NAME = "$(TARGET_NAME)";
				SWIFT_VERSION = 3.0;
			};
			name = Debug;
		};
		021DCF7C1E526FCC001C328C /* Release */ = {
			isa = XCBuildConfiguration;
			baseConfigurationReference = 70C4504D8930370CBB4AE768 /* Pods-iTweet.release.xcconfig */;
			buildSettings = {
				ASSETCATALOG_COMPILER_APPICON_NAME = AppIcon;
				DEVELOPMENT_TEAM = ELJV42N84Z;
				INFOPLIST_FILE = iTweet/Info.plist;
				LD_RUNPATH_SEARCH_PATHS = "$(inherited) @executable_path/Frameworks";
				PRODUCT_BUNDLE_IDENTIFIER = Brandon.iTweet;
				PRODUCT_NAME = "$(TARGET_NAME)";
				SWIFT_VERSION = 3.0;
			};
			name = Release;
		};
/* End XCBuildConfiguration section */

/* Begin XCConfigurationList section */
		021DCF601E526FCC001C328C /* Build configuration list for PBXProject "iTweet" */ = {
			isa = XCConfigurationList;
			buildConfigurations = (
				021DCF781E526FCC001C328C /* Debug */,
				021DCF791E526FCC001C328C /* Release */,
			);
			defaultConfigurationIsVisible = 0;
			defaultConfigurationName = Release;
		};
		021DCF7A1E526FCC001C328C /* Build configuration list for PBXNativeTarget "iTweet" */ = {
			isa = XCConfigurationList;
			buildConfigurations = (
				021DCF7B1E526FCC001C328C /* Debug */,
				021DCF7C1E526FCC001C328C /* Release */,
			);
			defaultConfigurationIsVisible = 0;
			defaultConfigurationName = Release;
		};
/* End XCConfigurationList section */

/* Begin XCVersionGroup section */
		021DCF6F1E526FCC001C328C /* iTweet.xcdatamodeld */ = {
			isa = XCVersionGroup;
			children = (
				021DCF701E526FCC001C328C /* iTweet.xcdatamodel */,
			);
			currentVersion = 021DCF701E526FCC001C328C /* iTweet.xcdatamodel */;
			path = iTweet.xcdatamodeld;
			sourceTree = "<group>";
			versionGroupType = wrapper.xcdatamodel;
		};
/* End XCVersionGroup section */
	};
	rootObject = 021DCF5D1E526FCC001C328C /* Project object */;
}
